
Microsoft Visual Studio Solution File, Format Version 12.00
# Visual Studio Version 16
VisualStudioVersion = 16.0.28407.52
MinimumVisualStudioVersion = 10.0.40219.1
Project("{FAE04EC0-301F-11D3-BF4B-00C04F79EFBC}") = "Loader", "Loader\Loader.csproj", "{C6DB5AE9-3C73-4950-8FA4-A92DB4C7C1DB}"
EndProject
Project("{FAE04EC0-301F-11D3-BF4B-00C04F79EFBC}") = "Core", "Core\Core.csproj", "{5539D732-34A7-44AB-9E28-116C3429B12A}"
EndProject
Project("{2150E333-8FDC-42A3-9474-1A3956D46DE8}") = "Plugins", "Plugins", "{CC061825-B447-4124-8467-9B830EB88F4C}"
EndProject
Project("{FAE04EC0-301F-11D3-BF4B-00C04F79EFBC}") = "Stashie", "Plugins\Source\Stashie\Stashie.csproj", "{EED0427D-D8EB-4EBC-9F6F-4AE49A83963E}"
EndProject
Project("{FAE04EC0-301F-11D3-BF4B-00C04F79EFBC}") = "AdvancedTooltip", "Plugins\Source\AdvancedTooltip\AdvancedTooltip.csproj", "{E15FF26B-5D91-4492-A8BD-C9F5B60D8845}"
EndProject
Project("{FAE04EC0-301F-11D3-BF4B-00C04F79EFBC}") = "DevTree", "Plugins\Source\DevTree\DevTree.csproj", "{EBC7708C-CDD2-4997-A482-D39F9986DDB5}"
EndProject
Project("{FAE04EC0-301F-11D3-BF4B-00C04F79EFBC}") = "HealthBars", "Plugins\Source\HealthBars\HealthBars.csproj", "{4DEE86D7-5666-4B10-93C2-0CCEEF3799E5}"
EndProject
Project("{FAE04EC0-301F-11D3-BF4B-00C04F79EFBC}") = "IconsBuilder", "Plugins\Source\IconsBuilder\IconsBuilder.csproj", "{0D4BAE14-C9FF-47E1-8B60-D8A859512B20}"
EndProject
Project("{FAE04EC0-301F-11D3-BF4B-00C04F79EFBC}") = "ItemAlert", "Plugins\Source\ItemAlert\ItemAlert.csproj", "{FD3E6670-B40E-458C-9C77-A60C7C0CDA31}"
EndProject
Project("{FAE04EC0-301F-11D3-BF4B-00C04F79EFBC}") = "KillCounter", "Plugins\Source\KillCounter\KillCounter.csproj", "{B80F3D7E-EB08-44A6-9FC0-0E704820B920}"
EndProject
Project("{FAE04EC0-301F-11D3-BF4B-00C04F79EFBC}") = "MinimapIcons", "Plugins\Source\MinimapIcons\MinimapIcons.csproj", "{1AE459C5-308A-4A4E-95E3-4A87C57D2087}"
EndProject
Project("{FAE04EC0-301F-11D3-BF4B-00C04F79EFBC}") = "MiscInformation", "Plugins\Source\MiscInformation\MiscInformation.csproj", "{FE6BC0C3-DB0E-4808-B99F-9C5D39AE1842}"
EndProject
Project("{FAE04EC0-301F-11D3-BF4B-00C04F79EFBC}") = "PickIt", "Plugins\Source\PickIt\PickIt.csproj", "{286EB4C6-31A1-4B8E-BF5A-83F9591AE322}"
EndProject
Project("{FAE04EC0-301F-11D3-BF4B-00C04F79EFBC}") = "XPBar", "Plugins\Source\XPBar\XPBar.csproj", "{C1B13FD4-C3A3-4C88-818F-497FE34C362F}"
EndProject
Project("{FAE04EC0-301F-11D3-BF4B-00C04F79EFBC}") = "DPSMeter", "Plugins\Source\DPSMeter\DPSMeter.csproj", "{DAEAB5B7-1485-4BF3-B09C-0B9F7A5CC89B}"
EndProject
Project("{FAE04EC0-301F-11D3-BF4B-00C04F79EFBC}") = "EliteBar", "Plugins\Source\EliteBar\EliteBar.csproj", "{D13CD5D2-F97F-43EB-962A-116E84B23017}"
EndProject
Project("{FAE04EC0-301F-11D3-BF4B-00C04F79EFBC}") = "PreloadAlert", "Plugins\Source\PreloadAlert\PreloadAlert.csproj", "{8B098CA6-52E6-4D70-9F00-6802AA2E464F}"
EndProject
Project("{FAE04EC0-301F-11D3-BF4B-00C04F79EFBC}") = "GameOffsets", "GameOffsets\GameOffsets.csproj", "{38084BC9-079D-487E-B774-D2F407DC8389}"
EndProject
Project("{FAE04EC0-301F-11D3-BF4B-00C04F79EFBC}") = "AdvancedUberLabLayout", "Plugins\Source\AdvancedUberLabLayout\AdvancedUberLabLayout.csproj", "{3C72BE7E-BC50-4FD1-ABB1-70EEC9A88620}"
EndProject
Project("{FAE04EC0-301F-11D3-BF4B-00C04F79EFBC}") = "AutoOpen", "Plugins\Source\AutoOpen\AutoOpen.csproj", "{6D997C8E-5C70-4068-844B-E8BD951C9F42}"
EndProject
Project("{FAE04EC0-301F-11D3-BF4B-00C04F79EFBC}") = "BasicFlaskRoutine", "Plugins\Source\BasicFlaskRoutine\src\BasicFlaskRoutine.csproj", "{4EBA974C-AC8C-42A5-B8EE-5AD318B6D961}"
EndProject
Project("{FAE04EC0-301F-11D3-BF4B-00C04F79EFBC}") = "BuffUtil", "Plugins\Source\BuffUtil\BuffUtil.csproj", "{D0344191-0958-4D1B-8A24-9A518F6E2636}"
EndProject
Project("{FAE04EC0-301F-11D3-BF4B-00C04F79EFBC}") = "FullRareSetManager", "Plugins\Source\FullRareSetManager\FullRareSetManager.csproj", "{E3EB04C1-7693-4465-9D53-129BC5EF80BA}"
EndProject
Project("{FAE04EC0-301F-11D3-BF4B-00C04F79EFBC}") = "MapsExchange", "Plugins\Source\MapsExchange\src\MapsExchange\MapsExchange.csproj", "{48D21D6F-16AA-42DD-BD99-66F006C9B73B}"
EndProject
Project("{FAE04EC0-301F-11D3-BF4B-00C04F79EFBC}") = "MineDetonator", "Plugins\Source\MineDetonator\MineDetonator.csproj", "{BF450EFE-86F5-42AD-A32A-144B878B033B}"
EndProject
Project("{FAE04EC0-301F-11D3-BF4B-00C04F79EFBC}") = "PassiveSkillTreePlanter", "Plugins\Source\PassiveSkillTreePlanter\PassiveSkillTreePlanter.csproj", "{CAA01498-5C8A-429F-8BB8-57E29DD05E6E}"
EndProject
Project("{FAE04EC0-301F-11D3-BF4B-00C04F79EFBC}") = "Skill DPS", "Plugins\Source\SkillDPS\Skill DPS.csproj", "{1DF43765-FF6E-478D-8D85-55C07AE137DE}"
EndProject
Project("{FAE04EC0-301F-11D3-BF4B-00C04F79EFBC}") = "AutoQuit", "Plugins\Source\AutoQuit\AutoQuit.csproj", "{8433FCBF-E9EC-4014-8854-1F0D79D2D38D}"
EndProject
Global
	GlobalSection(SolutionConfigurationPlatforms) = preSolution
		Debug|Any CPU = Debug|Any CPU
		Debug|x64 = Debug|x64
		Release|Any CPU = Release|Any CPU
		Release|x64 = Release|x64
	EndGlobalSection
	GlobalSection(ProjectConfigurationPlatforms) = postSolution
		{C6DB5AE9-3C73-4950-8FA4-A92DB4C7C1DB}.Debug|Any CPU.ActiveCfg = Debug|Any CPU
		{C6DB5AE9-3C73-4950-8FA4-A92DB4C7C1DB}.Debug|Any CPU.Build.0 = Debug|Any CPU
		{C6DB5AE9-3C73-4950-8FA4-A92DB4C7C1DB}.Debug|x64.ActiveCfg = Debug|Any CPU
		{C6DB5AE9-3C73-4950-8FA4-A92DB4C7C1DB}.Debug|x64.Build.0 = Debug|Any CPU
		{C6DB5AE9-3C73-4950-8FA4-A92DB4C7C1DB}.Release|Any CPU.ActiveCfg = Release|Any CPU
		{C6DB5AE9-3C73-4950-8FA4-A92DB4C7C1DB}.Release|Any CPU.Build.0 = Release|Any CPU
		{C6DB5AE9-3C73-4950-8FA4-A92DB4C7C1DB}.Release|x64.ActiveCfg = Release|Any CPU
		{C6DB5AE9-3C73-4950-8FA4-A92DB4C7C1DB}.Release|x64.Build.0 = Release|Any CPU
		{5539D732-34A7-44AB-9E28-116C3429B12A}.Debug|Any CPU.ActiveCfg = Debug|Any CPU
		{5539D732-34A7-44AB-9E28-116C3429B12A}.Debug|Any CPU.Build.0 = Debug|Any CPU
		{5539D732-34A7-44AB-9E28-116C3429B12A}.Debug|x64.ActiveCfg = Debug|Any CPU
		{5539D732-34A7-44AB-9E28-116C3429B12A}.Debug|x64.Build.0 = Debug|Any CPU
		{5539D732-34A7-44AB-9E28-116C3429B12A}.Release|Any CPU.ActiveCfg = Release|Any CPU
		{5539D732-34A7-44AB-9E28-116C3429B12A}.Release|Any CPU.Build.0 = Release|Any CPU
		{5539D732-34A7-44AB-9E28-116C3429B12A}.Release|x64.ActiveCfg = Release|Any CPU
		{5539D732-34A7-44AB-9E28-116C3429B12A}.Release|x64.Build.0 = Release|Any CPU
		{EED0427D-D8EB-4EBC-9F6F-4AE49A83963E}.Debug|Any CPU.ActiveCfg = Debug|Any CPU
		{EED0427D-D8EB-4EBC-9F6F-4AE49A83963E}.Debug|Any CPU.Build.0 = Debug|Any CPU
		{EED0427D-D8EB-4EBC-9F6F-4AE49A83963E}.Debug|x64.ActiveCfg = Debug|x64
		{EED0427D-D8EB-4EBC-9F6F-4AE49A83963E}.Debug|x64.Build.0 = Debug|x64
		{EED0427D-D8EB-4EBC-9F6F-4AE49A83963E}.Release|Any CPU.ActiveCfg = Release|Any CPU
		{EED0427D-D8EB-4EBC-9F6F-4AE49A83963E}.Release|Any CPU.Build.0 = Release|Any CPU
		{EED0427D-D8EB-4EBC-9F6F-4AE49A83963E}.Release|x64.ActiveCfg = Release|x64
		{EED0427D-D8EB-4EBC-9F6F-4AE49A83963E}.Release|x64.Build.0 = Release|x64
		{E15FF26B-5D91-4492-A8BD-C9F5B60D8845}.Debug|Any CPU.ActiveCfg = Debug|Any CPU
		{E15FF26B-5D91-4492-A8BD-C9F5B60D8845}.Debug|Any CPU.Build.0 = Debug|Any CPU
		{E15FF26B-5D91-4492-A8BD-C9F5B60D8845}.Debug|x64.ActiveCfg = Debug|x64
		{E15FF26B-5D91-4492-A8BD-C9F5B60D8845}.Debug|x64.Build.0 = Debug|x64
		{E15FF26B-5D91-4492-A8BD-C9F5B60D8845}.Release|Any CPU.ActiveCfg = Release|Any CPU
		{E15FF26B-5D91-4492-A8BD-C9F5B60D8845}.Release|Any CPU.Build.0 = Release|Any CPU
		{E15FF26B-5D91-4492-A8BD-C9F5B60D8845}.Release|x64.ActiveCfg = Release|x64
		{E15FF26B-5D91-4492-A8BD-C9F5B60D8845}.Release|x64.Build.0 = Release|x64
		{EBC7708C-CDD2-4997-A482-D39F9986DDB5}.Debug|Any CPU.ActiveCfg = Debug|Any CPU
		{EBC7708C-CDD2-4997-A482-D39F9986DDB5}.Debug|Any CPU.Build.0 = Debug|Any CPU
		{EBC7708C-CDD2-4997-A482-D39F9986DDB5}.Debug|x64.ActiveCfg = Debug|x64
		{EBC7708C-CDD2-4997-A482-D39F9986DDB5}.Debug|x64.Build.0 = Debug|x64
		{EBC7708C-CDD2-4997-A482-D39F9986DDB5}.Release|Any CPU.ActiveCfg = Release|Any CPU
		{EBC7708C-CDD2-4997-A482-D39F9986DDB5}.Release|Any CPU.Build.0 = Release|Any CPU
		{EBC7708C-CDD2-4997-A482-D39F9986DDB5}.Release|x64.ActiveCfg = Release|x64
		{EBC7708C-CDD2-4997-A482-D39F9986DDB5}.Release|x64.Build.0 = Release|x64
		{4DEE86D7-5666-4B10-93C2-0CCEEF3799E5}.Debug|Any CPU.ActiveCfg = Debug|Any CPU
		{4DEE86D7-5666-4B10-93C2-0CCEEF3799E5}.Debug|Any CPU.Build.0 = Debug|Any CPU
		{4DEE86D7-5666-4B10-93C2-0CCEEF3799E5}.Debug|x64.ActiveCfg = Debug|x64
		{4DEE86D7-5666-4B10-93C2-0CCEEF3799E5}.Debug|x64.Build.0 = Debug|x64
		{4DEE86D7-5666-4B10-93C2-0CCEEF3799E5}.Release|Any CPU.ActiveCfg = Release|Any CPU
		{4DEE86D7-5666-4B10-93C2-0CCEEF3799E5}.Release|Any CPU.Build.0 = Release|Any CPU
		{4DEE86D7-5666-4B10-93C2-0CCEEF3799E5}.Release|x64.ActiveCfg = Release|x64
		{4DEE86D7-5666-4B10-93C2-0CCEEF3799E5}.Release|x64.Build.0 = Release|x64
		{0D4BAE14-C9FF-47E1-8B60-D8A859512B20}.Debug|Any CPU.ActiveCfg = Debug|Any CPU
		{0D4BAE14-C9FF-47E1-8B60-D8A859512B20}.Debug|Any CPU.Build.0 = Debug|Any CPU
		{0D4BAE14-C9FF-47E1-8B60-D8A859512B20}.Debug|x64.ActiveCfg = Debug|x64
		{0D4BAE14-C9FF-47E1-8B60-D8A859512B20}.Debug|x64.Build.0 = Debug|x64
		{0D4BAE14-C9FF-47E1-8B60-D8A859512B20}.Release|Any CPU.ActiveCfg = Release|Any CPU
		{0D4BAE14-C9FF-47E1-8B60-D8A859512B20}.Release|Any CPU.Build.0 = Release|Any CPU
		{0D4BAE14-C9FF-47E1-8B60-D8A859512B20}.Release|x64.ActiveCfg = Release|x64
		{0D4BAE14-C9FF-47E1-8B60-D8A859512B20}.Release|x64.Build.0 = Release|x64
		{FD3E6670-B40E-458C-9C77-A60C7C0CDA31}.Debug|Any CPU.ActiveCfg = Debug|Any CPU
		{FD3E6670-B40E-458C-9C77-A60C7C0CDA31}.Debug|Any CPU.Build.0 = Debug|Any CPU
		{FD3E6670-B40E-458C-9C77-A60C7C0CDA31}.Debug|x64.ActiveCfg = Debug|Any CPU
		{FD3E6670-B40E-458C-9C77-A60C7C0CDA31}.Debug|x64.Build.0 = Debug|Any CPU
		{FD3E6670-B40E-458C-9C77-A60C7C0CDA31}.Release|Any CPU.ActiveCfg = Release|Any CPU
		{FD3E6670-B40E-458C-9C77-A60C7C0CDA31}.Release|Any CPU.Build.0 = Release|Any CPU
		{FD3E6670-B40E-458C-9C77-A60C7C0CDA31}.Release|x64.ActiveCfg = Release|Any CPU
		{FD3E6670-B40E-458C-9C77-A60C7C0CDA31}.Release|x64.Build.0 = Release|Any CPU
		{B80F3D7E-EB08-44A6-9FC0-0E704820B920}.Debug|Any CPU.ActiveCfg = Debug|Any CPU
		{B80F3D7E-EB08-44A6-9FC0-0E704820B920}.Debug|Any CPU.Build.0 = Debug|Any CPU
		{B80F3D7E-EB08-44A6-9FC0-0E704820B920}.Debug|x64.ActiveCfg = Debug|x64
		{B80F3D7E-EB08-44A6-9FC0-0E704820B920}.Debug|x64.Build.0 = Debug|x64
		{B80F3D7E-EB08-44A6-9FC0-0E704820B920}.Release|Any CPU.ActiveCfg = Release|Any CPU
		{B80F3D7E-EB08-44A6-9FC0-0E704820B920}.Release|Any CPU.Build.0 = Release|Any CPU
		{B80F3D7E-EB08-44A6-9FC0-0E704820B920}.Release|x64.ActiveCfg = Release|x64
		{B80F3D7E-EB08-44A6-9FC0-0E704820B920}.Release|x64.Build.0 = Release|x64
		{1AE459C5-308A-4A4E-95E3-4A87C57D2087}.Debug|Any CPU.ActiveCfg = Debug|Any CPU
		{1AE459C5-308A-4A4E-95E3-4A87C57D2087}.Debug|Any CPU.Build.0 = Debug|Any CPU
		{1AE459C5-308A-4A4E-95E3-4A87C57D2087}.Debug|x64.ActiveCfg = Debug|x64
		{1AE459C5-308A-4A4E-95E3-4A87C57D2087}.Debug|x64.Build.0 = Debug|x64
		{1AE459C5-308A-4A4E-95E3-4A87C57D2087}.Release|Any CPU.ActiveCfg = Release|Any CPU
		{1AE459C5-308A-4A4E-95E3-4A87C57D2087}.Release|Any CPU.Build.0 = Release|Any CPU
		{1AE459C5-308A-4A4E-95E3-4A87C57D2087}.Release|x64.ActiveCfg = Release|x64
		{1AE459C5-308A-4A4E-95E3-4A87C57D2087}.Release|x64.Build.0 = Release|x64
		{FE6BC0C3-DB0E-4808-B99F-9C5D39AE1842}.Debug|Any CPU.ActiveCfg = Debug|Any CPU
		{FE6BC0C3-DB0E-4808-B99F-9C5D39AE1842}.Debug|Any CPU.Build.0 = Debug|Any CPU
		{FE6BC0C3-DB0E-4808-B99F-9C5D39AE1842}.Debug|x64.ActiveCfg = Debug|x64
		{FE6BC0C3-DB0E-4808-B99F-9C5D39AE1842}.Debug|x64.Build.0 = Debug|x64
		{FE6BC0C3-DB0E-4808-B99F-9C5D39AE1842}.Release|Any CPU.ActiveCfg = Release|Any CPU
		{FE6BC0C3-DB0E-4808-B99F-9C5D39AE1842}.Release|Any CPU.Build.0 = Release|Any CPU
		{FE6BC0C3-DB0E-4808-B99F-9C5D39AE1842}.Release|x64.ActiveCfg = Release|x64
		{FE6BC0C3-DB0E-4808-B99F-9C5D39AE1842}.Release|x64.Build.0 = Release|x64
		{286EB4C6-31A1-4B8E-BF5A-83F9591AE322}.Debug|Any CPU.ActiveCfg = Debug|Any CPU
		{286EB4C6-31A1-4B8E-BF5A-83F9591AE322}.Debug|Any CPU.Build.0 = Debug|Any CPU
		{286EB4C6-31A1-4B8E-BF5A-83F9591AE322}.Debug|x64.ActiveCfg = Debug|x64
		{286EB4C6-31A1-4B8E-BF5A-83F9591AE322}.Debug|x64.Build.0 = Debug|x64
		{286EB4C6-31A1-4B8E-BF5A-83F9591AE322}.Release|Any CPU.ActiveCfg = Release|Any CPU
		{286EB4C6-31A1-4B8E-BF5A-83F9591AE322}.Release|Any CPU.Build.0 = Release|Any CPU
		{286EB4C6-31A1-4B8E-BF5A-83F9591AE322}.Release|x64.ActiveCfg = Release|x64
		{286EB4C6-31A1-4B8E-BF5A-83F9591AE322}.Release|x64.Build.0 = Release|x64
		{C1B13FD4-C3A3-4C88-818F-497FE34C362F}.Debug|Any CPU.ActiveCfg = Debug|Any CPU
		{C1B13FD4-C3A3-4C88-818F-497FE34C362F}.Debug|Any CPU.Build.0 = Debug|Any CPU
		{C1B13FD4-C3A3-4C88-818F-497FE34C362F}.Debug|x64.ActiveCfg = Debug|x64
		{C1B13FD4-C3A3-4C88-818F-497FE34C362F}.Debug|x64.Build.0 = Debug|x64
		{C1B13FD4-C3A3-4C88-818F-497FE34C362F}.Release|Any CPU.ActiveCfg = Release|Any CPU
		{C1B13FD4-C3A3-4C88-818F-497FE34C362F}.Release|Any CPU.Build.0 = Release|Any CPU
		{C1B13FD4-C3A3-4C88-818F-497FE34C362F}.Release|x64.ActiveCfg = Release|x64
		{C1B13FD4-C3A3-4C88-818F-497FE34C362F}.Release|x64.Build.0 = Release|x64
		{DAEAB5B7-1485-4BF3-B09C-0B9F7A5CC89B}.Debug|Any CPU.ActiveCfg = Debug|Any CPU
		{DAEAB5B7-1485-4BF3-B09C-0B9F7A5CC89B}.Debug|Any CPU.Build.0 = Debug|Any CPU
		{DAEAB5B7-1485-4BF3-B09C-0B9F7A5CC89B}.Debug|x64.ActiveCfg = Debug|x64
		{DAEAB5B7-1485-4BF3-B09C-0B9F7A5CC89B}.Debug|x64.Build.0 = Debug|x64
		{DAEAB5B7-1485-4BF3-B09C-0B9F7A5CC89B}.Release|Any CPU.ActiveCfg = Release|Any CPU
		{DAEAB5B7-1485-4BF3-B09C-0B9F7A5CC89B}.Release|Any CPU.Build.0 = Release|Any CPU
		{DAEAB5B7-1485-4BF3-B09C-0B9F7A5CC89B}.Release|x64.ActiveCfg = Release|x64
		{DAEAB5B7-1485-4BF3-B09C-0B9F7A5CC89B}.Release|x64.Build.0 = Release|x64
		{D13CD5D2-F97F-43EB-962A-116E84B23017}.Debug|Any CPU.ActiveCfg = Debug|Any CPU
		{D13CD5D2-F97F-43EB-962A-116E84B23017}.Debug|Any CPU.Build.0 = Debug|Any CPU
		{D13CD5D2-F97F-43EB-962A-116E84B23017}.Debug|x64.ActiveCfg = Debug|x64
		{D13CD5D2-F97F-43EB-962A-116E84B23017}.Debug|x64.Build.0 = Debug|x64
		{D13CD5D2-F97F-43EB-962A-116E84B23017}.Release|Any CPU.ActiveCfg = Release|Any CPU
		{D13CD5D2-F97F-43EB-962A-116E84B23017}.Release|Any CPU.Build.0 = Release|Any CPU
		{D13CD5D2-F97F-43EB-962A-116E84B23017}.Release|x64.ActiveCfg = Release|x64
		{D13CD5D2-F97F-43EB-962A-116E84B23017}.Release|x64.Build.0 = Release|x64
		{8B098CA6-52E6-4D70-9F00-6802AA2E464F}.Debug|Any CPU.ActiveCfg = Debug|Any CPU
		{8B098CA6-52E6-4D70-9F00-6802AA2E464F}.Debug|Any CPU.Build.0 = Debug|Any CPU
		{8B098CA6-52E6-4D70-9F00-6802AA2E464F}.Debug|x64.ActiveCfg = Debug|x64
		{8B098CA6-52E6-4D70-9F00-6802AA2E464F}.Debug|x64.Build.0 = Debug|x64
		{8B098CA6-52E6-4D70-9F00-6802AA2E464F}.Release|Any CPU.ActiveCfg = Release|Any CPU
		{8B098CA6-52E6-4D70-9F00-6802AA2E464F}.Release|Any CPU.Build.0 = Release|Any CPU
		{8B098CA6-52E6-4D70-9F00-6802AA2E464F}.Release|x64.ActiveCfg = Release|x64
		{8B098CA6-52E6-4D70-9F00-6802AA2E464F}.Release|x64.Build.0 = Release|x64
		{38084BC9-079D-487E-B774-D2F407DC8389}.Debug|Any CPU.ActiveCfg = Debug|Any CPU
		{38084BC9-079D-487E-B774-D2F407DC8389}.Debug|Any CPU.Build.0 = Debug|Any CPU
		{38084BC9-079D-487E-B774-D2F407DC8389}.Debug|x64.ActiveCfg = Debug|Any CPU
		{38084BC9-079D-487E-B774-D2F407DC8389}.Debug|x64.Build.0 = Debug|Any CPU
		{38084BC9-079D-487E-B774-D2F407DC8389}.Release|Any CPU.ActiveCfg = Release|Any CPU
		{38084BC9-079D-487E-B774-D2F407DC8389}.Release|Any CPU.Build.0 = Release|Any CPU
		{38084BC9-079D-487E-B774-D2F407DC8389}.Release|x64.ActiveCfg = Release|Any CPU
		{38084BC9-079D-487E-B774-D2F407DC8389}.Release|x64.Build.0 = Release|Any CPU
		{3C72BE7E-BC50-4FD1-ABB1-70EEC9A88620}.Debug|Any CPU.ActiveCfg = Debug|Any CPU
		{3C72BE7E-BC50-4FD1-ABB1-70EEC9A88620}.Debug|Any CPU.Build.0 = Debug|Any CPU
		{3C72BE7E-BC50-4FD1-ABB1-70EEC9A88620}.Debug|x64.ActiveCfg = Debug|Any CPU
		{3C72BE7E-BC50-4FD1-ABB1-70EEC9A88620}.Debug|x64.Build.0 = Debug|Any CPU
		{3C72BE7E-BC50-4FD1-ABB1-70EEC9A88620}.Release|Any CPU.ActiveCfg = Release|Any CPU
		{3C72BE7E-BC50-4FD1-ABB1-70EEC9A88620}.Release|Any CPU.Build.0 = Release|Any CPU
		{3C72BE7E-BC50-4FD1-ABB1-70EEC9A88620}.Release|x64.ActiveCfg = Release|Any CPU
		{3C72BE7E-BC50-4FD1-ABB1-70EEC9A88620}.Release|x64.Build.0 = Release|Any CPU
		{6D997C8E-5C70-4068-844B-E8BD951C9F42}.Debug|Any CPU.ActiveCfg = Debug|Any CPU
		{6D997C8E-5C70-4068-844B-E8BD951C9F42}.Debug|Any CPU.Build.0 = Debug|Any CPU
		{6D997C8E-5C70-4068-844B-E8BD951C9F42}.Debug|x64.ActiveCfg = Debug|Any CPU
		{6D997C8E-5C70-4068-844B-E8BD951C9F42}.Debug|x64.Build.0 = Debug|Any CPU
		{6D997C8E-5C70-4068-844B-E8BD951C9F42}.Release|Any CPU.ActiveCfg = Release|Any CPU
		{6D997C8E-5C70-4068-844B-E8BD951C9F42}.Release|Any CPU.Build.0 = Release|Any CPU
		{6D997C8E-5C70-4068-844B-E8BD951C9F42}.Release|x64.ActiveCfg = Release|Any CPU
		{6D997C8E-5C70-4068-844B-E8BD951C9F42}.Release|x64.Build.0 = Release|Any CPU
		{4EBA974C-AC8C-42A5-B8EE-5AD318B6D961}.Debug|Any CPU.ActiveCfg = Debug|Any CPU
		{4EBA974C-AC8C-42A5-B8EE-5AD318B6D961}.Debug|Any CPU.Build.0 = Debug|Any CPU
		{4EBA974C-AC8C-42A5-B8EE-5AD318B6D961}.Debug|x64.ActiveCfg = Debug|Any CPU
		{4EBA974C-AC8C-42A5-B8EE-5AD318B6D961}.Debug|x64.Build.0 = Debug|Any CPU
		{4EBA974C-AC8C-42A5-B8EE-5AD318B6D961}.Release|Any CPU.ActiveCfg = Release|Any CPU
		{4EBA974C-AC8C-42A5-B8EE-5AD318B6D961}.Release|Any CPU.Build.0 = Release|Any CPU
		{4EBA974C-AC8C-42A5-B8EE-5AD318B6D961}.Release|x64.ActiveCfg = Release|Any CPU
		{4EBA974C-AC8C-42A5-B8EE-5AD318B6D961}.Release|x64.Build.0 = Release|Any CPU
		{D0344191-0958-4D1B-8A24-9A518F6E2636}.Debug|Any CPU.ActiveCfg = Debug|Any CPU
		{D0344191-0958-4D1B-8A24-9A518F6E2636}.Debug|Any CPU.Build.0 = Debug|Any CPU
		{D0344191-0958-4D1B-8A24-9A518F6E2636}.Debug|x64.ActiveCfg = Debug|Any CPU
		{D0344191-0958-4D1B-8A24-9A518F6E2636}.Debug|x64.Build.0 = Debug|Any CPU
		{D0344191-0958-4D1B-8A24-9A518F6E2636}.Release|Any CPU.ActiveCfg = Release|Any CPU
		{D0344191-0958-4D1B-8A24-9A518F6E2636}.Release|Any CPU.Build.0 = Release|Any CPU
		{D0344191-0958-4D1B-8A24-9A518F6E2636}.Release|x64.ActiveCfg = Release|Any CPU
		{D0344191-0958-4D1B-8A24-9A518F6E2636}.Release|x64.Build.0 = Release|Any CPU
		{E3EB04C1-7693-4465-9D53-129BC5EF80BA}.Debug|Any CPU.ActiveCfg = Debug|Any CPU
		{E3EB04C1-7693-4465-9D53-129BC5EF80BA}.Debug|Any CPU.Build.0 = Debug|Any CPU
		{E3EB04C1-7693-4465-9D53-129BC5EF80BA}.Debug|x64.ActiveCfg = Debug|Any CPU
		{E3EB04C1-7693-4465-9D53-129BC5EF80BA}.Debug|x64.Build.0 = Debug|Any CPU
		{E3EB04C1-7693-4465-9D53-129BC5EF80BA}.Release|Any CPU.ActiveCfg = Release|Any CPU
		{E3EB04C1-7693-4465-9D53-129BC5EF80BA}.Release|Any CPU.Build.0 = Release|Any CPU
		{E3EB04C1-7693-4465-9D53-129BC5EF80BA}.Release|x64.ActiveCfg = Release|Any CPU
		{E3EB04C1-7693-4465-9D53-129BC5EF80BA}.Release|x64.Build.0 = Release|Any CPU
		{48D21D6F-16AA-42DD-BD99-66F006C9B73B}.Debug|Any CPU.ActiveCfg = Debug|Any CPU
		{48D21D6F-16AA-42DD-BD99-66F006C9B73B}.Debug|Any CPU.Build.0 = Debug|Any CPU
		{48D21D6F-16AA-42DD-BD99-66F006C9B73B}.Debug|x64.ActiveCfg = Debug|Any CPU
		{48D21D6F-16AA-42DD-BD99-66F006C9B73B}.Debug|x64.Build.0 = Debug|Any CPU
		{48D21D6F-16AA-42DD-BD99-66F006C9B73B}.Release|Any CPU.ActiveCfg = Release|Any CPU
		{48D21D6F-16AA-42DD-BD99-66F006C9B73B}.Release|Any CPU.Build.0 = Release|Any CPU
		{48D21D6F-16AA-42DD-BD99-66F006C9B73B}.Release|x64.ActiveCfg = Release|Any CPU
		{48D21D6F-16AA-42DD-BD99-66F006C9B73B}.Release|x64.Build.0 = Release|Any CPU
		{BF450EFE-86F5-42AD-A32A-144B878B033B}.Debug|Any CPU.ActiveCfg = Debug|Any CPU
		{BF450EFE-86F5-42AD-A32A-144B878B033B}.Debug|Any CPU.Build.0 = Debug|Any CPU
		{BF450EFE-86F5-42AD-A32A-144B878B033B}.Debug|x64.ActiveCfg = Debug|Any CPU
		{BF450EFE-86F5-42AD-A32A-144B878B033B}.Debug|x64.Build.0 = Debug|Any CPU
		{BF450EFE-86F5-42AD-A32A-144B878B033B}.Release|Any CPU.ActiveCfg = Release|Any CPU
		{BF450EFE-86F5-42AD-A32A-144B878B033B}.Release|Any CPU.Build.0 = Release|Any CPU
		{BF450EFE-86F5-42AD-A32A-144B878B033B}.Release|x64.ActiveCfg = Release|Any CPU
		{BF450EFE-86F5-42AD-A32A-144B878B033B}.Release|x64.Build.0 = Release|Any CPU
		{CAA01498-5C8A-429F-8BB8-57E29DD05E6E}.Debug|Any CPU.ActiveCfg = Debug|Any CPU
		{CAA01498-5C8A-429F-8BB8-57E29DD05E6E}.Debug|Any CPU.Build.0 = Debug|Any CPU
		{CAA01498-5C8A-429F-8BB8-57E29DD05E6E}.Debug|x64.ActiveCfg = Debug|x64
		{CAA01498-5C8A-429F-8BB8-57E29DD05E6E}.Debug|x64.Build.0 = Debug|x64
		{CAA01498-5C8A-429F-8BB8-57E29DD05E6E}.Release|Any CPU.ActiveCfg = Release|Any CPU
		{CAA01498-5C8A-429F-8BB8-57E29DD05E6E}.Release|Any CPU.Build.0 = Release|Any CPU
		{CAA01498-5C8A-429F-8BB8-57E29DD05E6E}.Release|x64.ActiveCfg = Release|x64
		{CAA01498-5C8A-429F-8BB8-57E29DD05E6E}.Release|x64.Build.0 = Release|x64
		{1DF43765-FF6E-478D-8D85-55C07AE137DE}.Debug|Any CPU.ActiveCfg = Debug|Any CPU
		{1DF43765-FF6E-478D-8D85-55C07AE137DE}.Debug|Any CPU.Build.0 = Debug|Any CPU
		{1DF43765-FF6E-478D-8D85-55C07AE137DE}.Debug|x64.ActiveCfg = Debug|Any CPU
		{1DF43765-FF6E-478D-8D85-55C07AE137DE}.Debug|x64.Build.0 = Debug|Any CPU
		{1DF43765-FF6E-478D-8D85-55C07AE137DE}.Release|Any CPU.ActiveCfg = Release|Any CPU
		{1DF43765-FF6E-478D-8D85-55C07AE137DE}.Release|Any CPU.Build.0 = Release|Any CPU
		{1DF43765-FF6E-478D-8D85-55C07AE137DE}.Release|x64.ActiveCfg = Release|Any CPU
		{1DF43765-FF6E-478D-8D85-55C07AE137DE}.Release|x64.Build.0 = Release|Any CPU
		{8433FCBF-E9EC-4014-8854-1F0D79D2D38D}.Debug|Any CPU.ActiveCfg = Debug|Any CPU
		{8433FCBF-E9EC-4014-8854-1F0D79D2D38D}.Debug|Any CPU.Build.0 = Debug|Any CPU
		{8433FCBF-E9EC-4014-8854-1F0D79D2D38D}.Debug|x64.ActiveCfg = Debug|Any CPU
		{8433FCBF-E9EC-4014-8854-1F0D79D2D38D}.Debug|x64.Build.0 = Debug|Any CPU
		{8433FCBF-E9EC-4014-8854-1F0D79D2D38D}.Release|Any CPU.ActiveCfg = Release|Any CPU
		{8433FCBF-E9EC-4014-8854-1F0D79D2D38D}.Release|Any CPU.Build.0 = Release|Any CPU
		{8433FCBF-E9EC-4014-8854-1F0D79D2D38D}.Release|x64.ActiveCfg = Release|Any CPU
		{8433FCBF-E9EC-4014-8854-1F0D79D2D38D}.Release|x64.Build.0 = Release|Any CPU
	EndGlobalSection
	GlobalSection(SolutionProperties) = preSolution
		HideSolutionNode = FALSE
	EndGlobalSection
	GlobalSection(NestedProjects) = preSolution
		{EED0427D-D8EB-4EBC-9F6F-4AE49A83963E} = {CC061825-B447-4124-8467-9B830EB88F4C}
		{E15FF26B-5D91-4492-A8BD-C9F5B60D8845} = {CC061825-B447-4124-8467-9B830EB88F4C}
		{EBC7708C-CDD2-4997-A482-D39F9986DDB5} = {CC061825-B447-4124-8467-9B830EB88F4C}
		{4DEE86D7-5666-4B10-93C2-0CCEEF3799E5} = {CC061825-B447-4124-8467-9B830EB88F4C}
		{0D4BAE14-C9FF-47E1-8B60-D8A859512B20} = {CC061825-B447-4124-8467-9B830EB88F4C}
		{FD3E6670-B40E-458C-9C77-A60C7C0CDA31} = {CC061825-B447-4124-8467-9B830EB88F4C}
		{B80F3D7E-EB08-44A6-9FC0-0E704820B920} = {CC061825-B447-4124-8467-9B830EB88F4C}
		{1AE459C5-308A-4A4E-95E3-4A87C57D2087} = {CC061825-B447-4124-8467-9B830EB88F4C}
		{FE6BC0C3-DB0E-4808-B99F-9C5D39AE1842} = {CC061825-B447-4124-8467-9B830EB88F4C}
		{286EB4C6-31A1-4B8E-BF5A-83F9591AE322} = {CC061825-B447-4124-8467-9B830EB88F4C}
		{C1B13FD4-C3A3-4C88-818F-497FE34C362F} = {CC061825-B447-4124-8467-9B830EB88F4C}
		{DAEAB5B7-1485-4BF3-B09C-0B9F7A5CC89B} = {CC061825-B447-4124-8467-9B830EB88F4C}
		{D13CD5D2-F97F-43EB-962A-116E84B23017} = {CC061825-B447-4124-8467-9B830EB88F4C}
		{8B098CA6-52E6-4D70-9F00-6802AA2E464F} = {CC061825-B447-4124-8467-9B830EB88F4C}
		{3C72BE7E-BC50-4FD1-ABB1-70EEC9A88620} = {CC061825-B447-4124-8467-9B830EB88F4C}
		{6D997C8E-5C70-4068-844B-E8BD951C9F42} = {CC061825-B447-4124-8467-9B830EB88F4C}
		{4EBA974C-AC8C-42A5-B8EE-5AD318B6D961} = {CC061825-B447-4124-8467-9B830EB88F4C}
		{D0344191-0958-4D1B-8A24-9A518F6E2636} = {CC061825-B447-4124-8467-9B830EB88F4C}
		{E3EB04C1-7693-4465-9D53-129BC5EF80BA} = {CC061825-B447-4124-8467-9B830EB88F4C}
		{48D21D6F-16AA-42DD-BD99-66F006C9B73B} = {CC061825-B447-4124-8467-9B830EB88F4C}
		{BF450EFE-86F5-42AD-A32A-144B878B033B} = {CC061825-B447-4124-8467-9B830EB88F4C}
		{CAA01498-5C8A-429F-8BB8-57E29DD05E6E} = {CC061825-B447-4124-8467-9B830EB88F4C}
		{1DF43765-FF6E-478D-8D85-55C07AE137DE} = {CC061825-B447-4124-8467-9B830EB88F4C}
		{8433FCBF-E9EC-4014-8854-1F0D79D2D38D} = {CC061825-B447-4124-8467-9B830EB88F4C}
	EndGlobalSection
	GlobalSection(ExtensibilityGlobals) = postSolution
		SolutionGuid = {5AD7BE45-2243-42A2-9D8F-2C212D20F7E9}
	EndGlobalSection
EndGlobal
